
Microsoft Visual Studio Solution File, Format Version 12.00
# Visual Studio Version 17
VisualStudioVersion = 17.10.35027.167
MinimumVisualStudioVersion = 10.0.40219.1
Project("{FAE04EC0-301F-11D3-BF4B-00C04F79EFBC}") = "G7_SistemaWeb", "G7_SistemaWeb\G7_SistemaWeb.csproj", "{F2CA545F-DFBD-48CE-96D4-986E01076510}"
EndProject
Global
	GlobalSection(SolutionConfigurationPlatforms) = preSolution
		Debug|Any CPU = Debug|Any CPU
		Release|Any CPU = Release|Any CPU
	EndGlobalSection
	GlobalSection(ProjectConfigurationPlatforms) = postSolution
		{F2CA545F-DFBD-48CE-96D4-986E01076510}.Debug|Any CPU.ActiveCfg = Debug|Any CPU
		{F2CA545F-DFBD-48CE-96D4-986E01076510}.Debug|Any CPU.Build.0 = Debug|Any CPU
		{F2CA545F-DFBD-48CE-96D4-986E01076510}.Release|Any CPU.ActiveCfg = Release|Any CPU
		{F2CA545F-DFBD-48CE-96D4-986E01076510}.Release|Any CPU.Build.0 = Release|Any CPU
	EndGlobalSection
	GlobalSection(SolutionProperties) = preSolution
		HideSolutionNode = FALSE
	EndGlobalSection
	GlobalSection(ExtensibilityGlobals) = postSolution
		SolutionGuid = {8640FF1F-E41D-4DFB-8907-2AE2F179E247}
	EndGlobalSection
EndGlobal
